
Microsoft Visual Studio Solution File, Format Version 12.00
# Visual Studio Version 16
VisualStudioVersion = 16.0.31911.196
MinimumVisualStudioVersion = 10.0.40219.1
Project("{E24C65DC-7377-472B-9ABA-BC803B73C61A}") = "WCF_StockMarket", "WCF_StockMarket\", "{B8858586-7222-4F5A-A3D8-A85F46FBBA2D}"
	ProjectSection(WebsiteProperties) = preProject
		TargetFrameworkMoniker = ".NETFramework,Version%3Dv4.7.2"
		Debug.AspNetCompiler.VirtualPath = "/localhost_53278"
		Debug.AspNetCompiler.PhysicalPath = "WCF_StockMarket\"
		Debug.AspNetCompiler.TargetPath = "PrecompiledWeb\localhost_53278\"
		Debug.AspNetCompiler.Updateable = "true"
		Debug.AspNetCompiler.ForceOverwrite = "true"
		Debug.AspNetCompiler.FixedNames = "false"
		Debug.AspNetCompiler.Debug = "True"
		Release.AspNetCompiler.VirtualPath = "/localhost_53278"
		Release.AspNetCompiler.PhysicalPath = "WCF_StockMarket\"
		Release.AspNetCompiler.TargetPath = "PrecompiledWeb\localhost_53278\"
		Release.AspNetCompiler.Updateable = "true"
		Release.AspNetCompiler.ForceOverwrite = "true"
		Release.AspNetCompiler.FixedNames = "false"
		Release.AspNetCompiler.Debug = "False"
		VWDPort = "53278"
		SlnRelativePath = "WCF_StockMarket\"
		DefaultWebSiteLanguage = "Visual C#"
	EndProjectSection
EndProject
Global
	GlobalSection(SolutionConfigurationPlatforms) = preSolution
		Debug|Any CPU = Debug|Any CPU
	EndGlobalSection
	GlobalSection(ProjectConfigurationPlatforms) = postSolution
		{B8858586-7222-4F5A-A3D8-A85F46FBBA2D}.Debug|Any CPU.ActiveCfg = Debug|Any CPU
		{B8858586-7222-4F5A-A3D8-A85F46FBBA2D}.Debug|Any CPU.Build.0 = Debug|Any CPU
	EndGlobalSection
	GlobalSection(SolutionProperties) = preSolution
		HideSolutionNode = FALSE
	EndGlobalSection
	GlobalSection(ExtensibilityGlobals) = postSolution
		SolutionGuid = {1CC63E8C-3C17-4D16-A758-DB2550CF72B7}
	EndGlobalSection
EndGlobal
